
Microsoft Visual Studio Solution File, Format Version 12.00
# Visual Studio Version 16
VisualStudioVersion = 25.0.1703.6
MinimumVisualStudioVersion = 10.0.40219.1
Project("{FAE04EC0-301F-11D3-BF4B-00C04F79EFBC}") = "TenDrone", "TenDrone\TenDrone.csproj", "{22A45AEE-1E14-4C0D-AD45-EEC0251BA6FA}"
EndProject
Project("{FAE04EC0-301F-11D3-BF4B-00C04F79EFBC}") = "TenDrone.Tests", "TenDrone.Tests\TenDrone.Tests.csproj", "{4959B1B1-8882-4B48-B872-6C4B06575E5E}"
EndProject
Global
	GlobalSection(SolutionConfigurationPlatforms) = preSolution
		Debug|Any CPU = Debug|Any CPU
		Release|Any CPU = Release|Any CPU
	EndGlobalSection
	GlobalSection(ProjectConfigurationPlatforms) = postSolution
		{22A45AEE-1E14-4C0D-AD45-EEC0251BA6FA}.Debug|Any CPU.ActiveCfg = Debug|Any CPU
		{22A45AEE-1E14-4C0D-AD45-EEC0251BA6FA}.Debug|Any CPU.Build.0 = Debug|Any CPU
		{22A45AEE-1E14-4C0D-AD45-EEC0251BA6FA}.Release|Any CPU.ActiveCfg = Release|Any CPU
		{22A45AEE-1E14-4C0D-AD45-EEC0251BA6FA}.Release|Any CPU.Build.0 = Release|Any CPU
		{4959B1B1-8882-4B48-B872-6C4B06575E5E}.Debug|Any CPU.ActiveCfg = Debug|Any CPU
		{4959B1B1-8882-4B48-B872-6C4B06575E5E}.Debug|Any CPU.Build.0 = Debug|Any CPU
		{4959B1B1-8882-4B48-B872-6C4B06575E5E}.Release|Any CPU.ActiveCfg = Release|Any CPU
		{4959B1B1-8882-4B48-B872-6C4B06575E5E}.Release|Any CPU.Build.0 = Release|Any CPU
	EndGlobalSection
	GlobalSection(SolutionProperties) = preSolution
		HideSolutionNode = FALSE
	EndGlobalSection
	GlobalSection(ExtensibilityGlobals) = postSolution
		SolutionGuid = {DB96C294-03D5-49B0-B36E-B9259FEEEA49}
	EndGlobalSection
EndGlobal
